
Microsoft Visual Studio Solution File, Format Version 12.00
# Visual Studio Version 17
VisualStudioVersion = 17.1.32228.430
MinimumVisualStudioVersion = 10.0.40219.1
Project("{8BC9CEB8-8B4A-11D0-8D11-00A0C91BC942}") = "imgui", "imgui\imgui_vs2022.vcxproj", "{45087328-C272-4BB6-BB09-95D899D2276A}"
EndProject
Project("{8BC9CEB8-8B4A-11D0-8D11-00A0C91BC942}") = "TileUpdateManager", "TileUpdateManager\TileUpdateManager_vs2022.vcxproj", "{12A36A45-4A15-48E3-B886-257E81FD57C6}"
EndProject
Project("{2150E333-8FDC-42A3-9474-1A3956D46DE8}") = "Tools", "Tools", "{EB9EA81E-AD7B-4F2F-B8A9-AFC9282303C9}"
EndProject
Project("{8BC9CEB8-8B4A-11D0-8D11-00A0C91BC942}") = "DdsToXet", "DdsToXet\DdsToXet_vs2022.vcxproj", "{369039E2-4C18-40D9-A7FE-E3D87BA23149}"
EndProject
Project("{8BC9CEB8-8B4A-11D0-8D11-00A0C91BC942}") = "Expanse", "src\Expanse_vs2022.vcxproj", "{E9BCC846-C1E9-402F-AC99-0E72195202AC}"
	ProjectSection(ProjectDependencies) = postProject
		{12A36A45-4A15-48E3-B886-257E81FD57C6} = {12A36A45-4A15-48E3-B886-257E81FD57C6}
		{273A5112-7D55-4A16-829A-E4F73E4BACE7} = {273A5112-7D55-4A16-829A-E4F73E4BACE7}
		{369039E2-4C18-40D9-A7FE-E3D87BA23149} = {369039E2-4C18-40D9-A7FE-E3D87BA23149}
		{45087328-C272-4BB6-BB09-95D899D2276A} = {45087328-C272-4BB6-BB09-95D899D2276A}
		{86A58508-0D6A-4786-A32F-01A301FDC6F3} = {86A58508-0D6A-4786-A32F-01A301FDC6F3}
	EndProjectSection
EndProject
Project("{8BC9CEB8-8B4A-11D0-8D11-00A0C91BC942}") = "tracePlayer", "tracePlayer\tracePlayer.vcxproj", "{273A5112-7D55-4A16-829A-E4F73E4BACE7}"
EndProject
Project("{8BC9CEB8-8B4A-11D0-8D11-00A0C91BC942}") = "Vertigo", "Vertigo\Vertigo.vcxproj", "{D49DC3E4-3F9B-4F15-8767-C2CF5735182F}"
EndProject
Project("{8BC9CEB8-8B4A-11D0-8D11-00A0C91BC942}") = "Core", "MiniEngine\Core\Core.vcxproj", "{86A58508-0D6A-4786-A32F-01A301FDC6F3}"
EndProject
Project("{8BC9CEB8-8B4A-11D0-8D11-00A0C91BC942}") = "DirectXTK12", "DirectXTK12\DirectXTK_Desktop_2022_Win10.vcxproj", "{3E0E8608-CD9B-4C76-AF33-29CA38F2C9F0}"
EndProject
Global
	GlobalSection(SolutionConfigurationPlatforms) = preSolution
		Debug|ARM64 = Debug|ARM64
		Debug|x64 = Debug|x64
		Debug|x86 = Debug|x86
		MinSizeRel|ARM64 = MinSizeRel|ARM64
		MinSizeRel|x64 = MinSizeRel|x64
		MinSizeRel|x86 = MinSizeRel|x86
		Profile|ARM64 = Profile|ARM64
		Profile|x64 = Profile|x64
		Profile|x86 = Profile|x86
		Release|ARM64 = Release|ARM64
		Release|x64 = Release|x64
		Release|x86 = Release|x86
		RelWithDebInfo|ARM64 = RelWithDebInfo|ARM64
		RelWithDebInfo|x64 = RelWithDebInfo|x64
		RelWithDebInfo|x86 = RelWithDebInfo|x86
	EndGlobalSection
	GlobalSection(ProjectConfigurationPlatforms) = postSolution
		{45087328-C272-4BB6-BB09-95D899D2276A}.Debug|ARM64.ActiveCfg = Debug|x64
		{45087328-C272-4BB6-BB09-95D899D2276A}.Debug|ARM64.Build.0 = Debug|x64
		{45087328-C272-4BB6-BB09-95D899D2276A}.Debug|x64.ActiveCfg = Debug|x64
		{45087328-C272-4BB6-BB09-95D899D2276A}.Debug|x64.Build.0 = Debug|x64
		{45087328-C272-4BB6-BB09-95D899D2276A}.Debug|x86.ActiveCfg = Debug|x64
		{45087328-C272-4BB6-BB09-95D899D2276A}.Debug|x86.Build.0 = Debug|x64
		{45087328-C272-4BB6-BB09-95D899D2276A}.MinSizeRel|ARM64.ActiveCfg = Release|x64
		{45087328-C272-4BB6-BB09-95D899D2276A}.MinSizeRel|ARM64.Build.0 = Release|x64
		{45087328-C272-4BB6-BB09-95D899D2276A}.MinSizeRel|x64.ActiveCfg = Release|x64
		{45087328-C272-4BB6-BB09-95D899D2276A}.MinSizeRel|x64.Build.0 = Release|x64
		{45087328-C272-4BB6-BB09-95D899D2276A}.MinSizeRel|x86.ActiveCfg = Release|x64
		{45087328-C272-4BB6-BB09-95D899D2276A}.MinSizeRel|x86.Build.0 = Release|x64
		{45087328-C272-4BB6-BB09-95D899D2276A}.Profile|ARM64.ActiveCfg = Release|x64
		{45087328-C272-4BB6-BB09-95D899D2276A}.Profile|ARM64.Build.0 = Release|x64
		{45087328-C272-4BB6-BB09-95D899D2276A}.Profile|x64.ActiveCfg = Release|x64
		{45087328-C272-4BB6-BB09-95D899D2276A}.Profile|x64.Build.0 = Release|x64
		{45087328-C272-4BB6-BB09-95D899D2276A}.Profile|x86.ActiveCfg = Release|x64
		{45087328-C272-4BB6-BB09-95D899D2276A}.Profile|x86.Build.0 = Release|x64
		{45087328-C272-4BB6-BB09-95D899D2276A}.Release|ARM64.ActiveCfg = Release|x64
		{45087328-C272-4BB6-BB09-95D899D2276A}.Release|ARM64.Build.0 = Release|x64
		{45087328-C272-4BB6-BB09-95D899D2276A}.Release|x64.ActiveCfg = Release|x64
		{45087328-C272-4BB6-BB09-95D899D2276A}.Release|x64.Build.0 = Release|x64
		{45087328-C272-4BB6-BB09-95D899D2276A}.Release|x86.ActiveCfg = Release|x64
		{45087328-C272-4BB6-BB09-95D899D2276A}.Release|x86.Build.0 = Release|x64
		{45087328-C272-4BB6-BB09-95D899D2276A}.RelWithDebInfo|ARM64.ActiveCfg = Release|x64
		{45087328-C272-4BB6-BB09-95D899D2276A}.RelWithDebInfo|ARM64.Build.0 = Release|x64
		{45087328-C272-4BB6-BB09-95D899D2276A}.RelWithDebInfo|x64.ActiveCfg = Release|x64
		{45087328-C272-4BB6-BB09-95D899D2276A}.RelWithDebInfo|x64.Build.0 = Release|x64
		{45087328-C272-4BB6-BB09-95D899D2276A}.RelWithDebInfo|x86.ActiveCfg = Release|x64
		{45087328-C272-4BB6-BB09-95D899D2276A}.RelWithDebInfo|x86.Build.0 = Release|x64
		{12A36A45-4A15-48E3-B886-257E81FD57C6}.Debug|ARM64.ActiveCfg = Debug|x64
		{12A36A45-4A15-48E3-B886-257E81FD57C6}.Debug|ARM64.Build.0 = Debug|x64
		{12A36A45-4A15-48E3-B886-257E81FD57C6}.Debug|x64.ActiveCfg = Debug|x64
		{12A36A45-4A15-48E3-B886-257E81FD57C6}.Debug|x64.Build.0 = Debug|x64
		{12A36A45-4A15-48E3-B886-257E81FD57C6}.Debug|x86.ActiveCfg = Debug|x64
		{12A36A45-4A15-48E3-B886-257E81FD57C6}.Debug|x86.Build.0 = Debug|x64
		{12A36A45-4A15-48E3-B886-257E81FD57C6}.MinSizeRel|ARM64.ActiveCfg = Release|x64
		{12A36A45-4A15-48E3-B886-257E81FD57C6}.MinSizeRel|ARM64.Build.0 = Release|x64
		{12A36A45-4A15-48E3-B886-257E81FD57C6}.MinSizeRel|x64.ActiveCfg = Release|x64
		{12A36A45-4A15-48E3-B886-257E81FD57C6}.MinSizeRel|x64.Build.0 = Release|x64
		{12A36A45-4A15-48E3-B886-257E81FD57C6}.MinSizeRel|x86.ActiveCfg = Release|x64
		{12A36A45-4A15-48E3-B886-257E81FD57C6}.MinSizeRel|x86.Build.0 = Release|x64
		{12A36A45-4A15-48E3-B886-257E81FD57C6}.Profile|ARM64.ActiveCfg = Release|x64
		{12A36A45-4A15-48E3-B886-257E81FD57C6}.Profile|ARM64.Build.0 = Release|x64
		{12A36A45-4A15-48E3-B886-257E81FD57C6}.Profile|x64.ActiveCfg = Release|x64
		{12A36A45-4A15-48E3-B886-257E81FD57C6}.Profile|x64.Build.0 = Release|x64
		{12A36A45-4A15-48E3-B886-257E81FD57C6}.Profile|x86.ActiveCfg = Release|x64
		{12A36A45-4A15-48E3-B886-257E81FD57C6}.Profile|x86.Build.0 = Release|x64
		{12A36A45-4A15-48E3-B886-257E81FD57C6}.Release|ARM64.ActiveCfg = Release|x64
		{12A36A45-4A15-48E3-B886-257E81FD57C6}.Release|ARM64.Build.0 = Release|x64
		{12A36A45-4A15-48E3-B886-257E81FD57C6}.Release|x64.ActiveCfg = Release|x64
		{12A36A45-4A15-48E3-B886-257E81FD57C6}.Release|x64.Build.0 = Release|x64
		{12A36A45-4A15-48E3-B886-257E81FD57C6}.Release|x86.ActiveCfg = Release|x64
		{12A36A45-4A15-48E3-B886-257E81FD57C6}.Release|x86.Build.0 = Release|x64
		{12A36A45-4A15-48E3-B886-257E81FD57C6}.RelWithDebInfo|ARM64.ActiveCfg = Release|x64
		{12A36A45-4A15-48E3-B886-257E81FD57C6}.RelWithDebInfo|ARM64.Build.0 = Release|x64
		{12A36A45-4A15-48E3-B886-257E81FD57C6}.RelWithDebInfo|x64.ActiveCfg = Release|x64
		{12A36A45-4A15-48E3-B886-257E81FD57C6}.RelWithDebInfo|x64.Build.0 = Release|x64
		{12A36A45-4A15-48E3-B886-257E81FD57C6}.RelWithDebInfo|x86.ActiveCfg = Release|x64
		{12A36A45-4A15-48E3-B886-257E81FD57C6}.RelWithDebInfo|x86.Build.0 = Release|x64
		{369039E2-4C18-40D9-A7FE-E3D87BA23149}.Debug|ARM64.ActiveCfg = Debug|x64
		{369039E2-4C18-40D9-A7FE-E3D87BA23149}.Debug|ARM64.Build.0 = Debug|x64
		{369039E2-4C18-40D9-A7FE-E3D87BA23149}.Debug|x64.ActiveCfg = Debug|x64
		{369039E2-4C18-40D9-A7FE-E3D87BA23149}.Debug|x64.Build.0 = Debug|x64
		{369039E2-4C18-40D9-A7FE-E3D87BA23149}.Debug|x86.ActiveCfg = Debug|x64
		{369039E2-4C18-40D9-A7FE-E3D87BA23149}.Debug|x86.Build.0 = Debug|x64
		{369039E2-4C18-40D9-A7FE-E3D87BA23149}.MinSizeRel|ARM64.ActiveCfg = Release|x64
		{369039E2-4C18-40D9-A7FE-E3D87BA23149}.MinSizeRel|ARM64.Build.0 = Release|x64
		{369039E2-4C18-40D9-A7FE-E3D87BA23149}.MinSizeRel|x64.ActiveCfg = Release|x64
		{369039E2-4C18-40D9-A7FE-E3D87BA23149}.MinSizeRel|x64.Build.0 = Release|x64
		{369039E2-4C18-40D9-A7FE-E3D87BA23149}.MinSizeRel|x86.ActiveCfg = Release|x64
		{369039E2-4C18-40D9-A7FE-E3D87BA23149}.MinSizeRel|x86.Build.0 = Release|x64
		{369039E2-4C18-40D9-A7FE-E3D87BA23149}.Profile|ARM64.ActiveCfg = Release|x64
		{369039E2-4C18-40D9-A7FE-E3D87BA23149}.Profile|ARM64.Build.0 = Release|x64
		{369039E2-4C18-40D9-A7FE-E3D87BA23149}.Profile|x64.ActiveCfg = Release|x64
		{369039E2-4C18-40D9-A7FE-E3D87BA23149}.Profile|x64.Build.0 = Release|x64
		{369039E2-4C18-40D9-A7FE-E3D87BA23149}.Profile|x86.ActiveCfg = Release|x64
		{369039E2-4C18-40D9-A7FE-E3D87BA23149}.Profile|x86.Build.0 = Release|x64
		{369039E2-4C18-40D9-A7FE-E3D87BA23149}.Release|ARM64.ActiveCfg = Release|x64
		{369039E2-4C18-40D9-A7FE-E3D87BA23149}.Release|ARM64.Build.0 = Release|x64
		{369039E2-4C18-40D9-A7FE-E3D87BA23149}.Release|x64.ActiveCfg = Release|x64
		{369039E2-4C18-40D9-A7FE-E3D87BA23149}.Release|x64.Build.0 = Release|x64
		{369039E2-4C18-40D9-A7FE-E3D87BA23149}.Release|x86.ActiveCfg = Release|x64
		{369039E2-4C18-40D9-A7FE-E3D87BA23149}.Release|x86.Build.0 = Release|x64
		{369039E2-4C18-40D9-A7FE-E3D87BA23149}.RelWithDebInfo|ARM64.ActiveCfg = Release|x64
		{369039E2-4C18-40D9-A7FE-E3D87BA23149}.RelWithDebInfo|ARM64.Build.0 = Release|x64
		{369039E2-4C18-40D9-A7FE-E3D87BA23149}.RelWithDebInfo|x64.ActiveCfg = Release|x64
		{369039E2-4C18-40D9-A7FE-E3D87BA23149}.RelWithDebInfo|x64.Build.0 = Release|x64
		{369039E2-4C18-40D9-A7FE-E3D87BA23149}.RelWithDebInfo|x86.ActiveCfg = Release|x64
		{369039E2-4C18-40D9-A7FE-E3D87BA23149}.RelWithDebInfo|x86.Build.0 = Release|x64
		{E9BCC846-C1E9-402F-AC99-0E72195202AC}.Debug|ARM64.ActiveCfg = Debug|x64
		{E9BCC846-C1E9-402F-AC99-0E72195202AC}.Debug|ARM64.Build.0 = Debug|x64
		{E9BCC846-C1E9-402F-AC99-0E72195202AC}.Debug|x64.ActiveCfg = Debug|x64
		{E9BCC846-C1E9-402F-AC99-0E72195202AC}.Debug|x64.Build.0 = Debug|x64
		{E9BCC846-C1E9-402F-AC99-0E72195202AC}.Debug|x86.ActiveCfg = Debug|x64
		{E9BCC846-C1E9-402F-AC99-0E72195202AC}.Debug|x86.Build.0 = Debug|x64
		{E9BCC846-C1E9-402F-AC99-0E72195202AC}.MinSizeRel|ARM64.ActiveCfg = Release|x64
		{E9BCC846-C1E9-402F-AC99-0E72195202AC}.MinSizeRel|ARM64.Build.0 = Release|x64
		{E9BCC846-C1E9-402F-AC99-0E72195202AC}.MinSizeRel|x64.ActiveCfg = Release|x64
		{E9BCC846-C1E9-402F-AC99-0E72195202AC}.MinSizeRel|x64.Build.0 = Release|x64
		{E9BCC846-C1E9-402F-AC99-0E72195202AC}.MinSizeRel|x86.ActiveCfg = Release|x64
		{E9BCC846-C1E9-402F-AC99-0E72195202AC}.MinSizeRel|x86.Build.0 = Release|x64
		{E9BCC846-C1E9-402F-AC99-0E72195202AC}.Profile|ARM64.ActiveCfg = Release|x64
		{E9BCC846-C1E9-402F-AC99-0E72195202AC}.Profile|ARM64.Build.0 = Release|x64
		{E9BCC846-C1E9-402F-AC99-0E72195202AC}.Profile|x64.ActiveCfg = Release|x64
		{E9BCC846-C1E9-402F-AC99-0E72195202AC}.Profile|x64.Build.0 = Release|x64
		{E9BCC846-C1E9-402F-AC99-0E72195202AC}.Profile|x86.ActiveCfg = Release|x64
		{E9BCC846-C1E9-402F-AC99-0E72195202AC}.Profile|x86.Build.0 = Release|x64
		{E9BCC846-C1E9-402F-AC99-0E72195202AC}.Release|ARM64.ActiveCfg = Release|x64
		{E9BCC846-C1E9-402F-AC99-0E72195202AC}.Release|ARM64.Build.0 = Release|x64
		{E9BCC846-C1E9-402F-AC99-0E72195202AC}.Release|x64.ActiveCfg = Release|x64
		{E9BCC846-C1E9-402F-AC99-0E72195202AC}.Release|x64.Build.0 = Release|x64
		{E9BCC846-C1E9-402F-AC99-0E72195202AC}.Release|x86.ActiveCfg = Release|x64
		{E9BCC846-C1E9-402F-AC99-0E72195202AC}.Release|x86.Build.0 = Release|x64
		{E9BCC846-C1E9-402F-AC99-0E72195202AC}.RelWithDebInfo|ARM64.ActiveCfg = Release|x64
		{E9BCC846-C1E9-402F-AC99-0E72195202AC}.RelWithDebInfo|ARM64.Build.0 = Release|x64
		{E9BCC846-C1E9-402F-AC99-0E72195202AC}.RelWithDebInfo|x64.ActiveCfg = Release|x64
		{E9BCC846-C1E9-402F-AC99-0E72195202AC}.RelWithDebInfo|x64.Build.0 = Release|x64
		{E9BCC846-C1E9-402F-AC99-0E72195202AC}.RelWithDebInfo|x86.ActiveCfg = Release|x64
		{E9BCC846-C1E9-402F-AC99-0E72195202AC}.RelWithDebInfo|x86.Build.0 = Release|x64
		{273A5112-7D55-4A16-829A-E4F73E4BACE7}.Debug|ARM64.ActiveCfg = Debug|x64
		{273A5112-7D55-4A16-829A-E4F73E4BACE7}.Debug|ARM64.Build.0 = Debug|x64
		{273A5112-7D55-4A16-829A-E4F73E4BACE7}.Debug|x64.ActiveCfg = Debug|x64
		{273A5112-7D55-4A16-829A-E4F73E4BACE7}.Debug|x64.Build.0 = Debug|x64
		{273A5112-7D55-4A16-829A-E4F73E4BACE7}.Debug|x86.ActiveCfg = Debug|x64
		{273A5112-7D55-4A16-829A-E4F73E4BACE7}.Debug|x86.Build.0 = Debug|x64
		{273A5112-7D55-4A16-829A-E4F73E4BACE7}.MinSizeRel|ARM64.ActiveCfg = Release|x64
		{273A5112-7D55-4A16-829A-E4F73E4BACE7}.MinSizeRel|ARM64.Build.0 = Release|x64
		{273A5112-7D55-4A16-829A-E4F73E4BACE7}.MinSizeRel|x64.ActiveCfg = Release|x64
		{273A5112-7D55-4A16-829A-E4F73E4BACE7}.MinSizeRel|x64.Build.0 = Release|x64
		{273A5112-7D55-4A16-829A-E4F73E4BACE7}.MinSizeRel|x86.ActiveCfg = Release|x64
		{273A5112-7D55-4A16-829A-E4F73E4BACE7}.MinSizeRel|x86.Build.0 = Release|x64
		{273A5112-7D55-4A16-829A-E4F73E4BACE7}.Profile|ARM64.ActiveCfg = Release|x64
		{273A5112-7D55-4A16-829A-E4F73E4BACE7}.Profile|ARM64.Build.0 = Release|x64
		{273A5112-7D55-4A16-829A-E4F73E4BACE7}.Profile|x64.ActiveCfg = Release|x64
		{273A5112-7D55-4A16-829A-E4F73E4BACE7}.Profile|x64.Build.0 = Release|x64
		{273A5112-7D55-4A16-829A-E4F73E4BACE7}.Profile|x86.ActiveCfg = Release|x64
		{273A5112-7D55-4A16-829A-E4F73E4BACE7}.Profile|x86.Build.0 = Release|x64
		{273A5112-7D55-4A16-829A-E4F73E4BACE7}.Release|ARM64.ActiveCfg = Release|x64
		{273A5112-7D55-4A16-829A-E4F73E4BACE7}.Release|ARM64.Build.0 = Release|x64
		{273A5112-7D55-4A16-829A-E4F73E4BACE7}.Release|x64.ActiveCfg = Release|x64
		{273A5112-7D55-4A16-829A-E4F73E4BACE7}.Release|x64.Build.0 = Release|x64
		{273A5112-7D55-4A16-829A-E4F73E4BACE7}.Release|x86.ActiveCfg = Release|x64
		{273A5112-7D55-4A16-829A-E4F73E4BACE7}.Release|x86.Build.0 = Release|x64
		{273A5112-7D55-4A16-829A-E4F73E4BACE7}.RelWithDebInfo|ARM64.ActiveCfg = Release|x64
		{273A5112-7D55-4A16-829A-E4F73E4BACE7}.RelWithDebInfo|ARM64.Build.0 = Release|x64
		{273A5112-7D55-4A16-829A-E4F73E4BACE7}.RelWithDebInfo|x64.ActiveCfg = Release|x64
		{273A5112-7D55-4A16-829A-E4F73E4BACE7}.RelWithDebInfo|x64.Build.0 = Release|x64
		{273A5112-7D55-4A16-829A-E4F73E4BACE7}.RelWithDebInfo|x86.ActiveCfg = Release|x64
		{273A5112-7D55-4A16-829A-E4F73E4BACE7}.RelWithDebInfo|x86.Build.0 = Release|x64
		{D49DC3E4-3F9B-4F15-8767-C2CF5735182F}.Debug|ARM64.ActiveCfg = Debug|x64
		{D49DC3E4-3F9B-4F15-8767-C2CF5735182F}.Debug|x64.ActiveCfg = Debug|x64
		{D49DC3E4-3F9B-4F15-8767-C2CF5735182F}.Debug|x64.Build.0 = Debug|x64
		{D49DC3E4-3F9B-4F15-8767-C2CF5735182F}.Debug|x86.ActiveCfg = Debug|x64
		{D49DC3E4-3F9B-4F15-8767-C2CF5735182F}.MinSizeRel|ARM64.ActiveCfg = Release|x64
		{D49DC3E4-3F9B-4F15-8767-C2CF5735182F}.MinSizeRel|x64.ActiveCfg = Debug|x64
		{D49DC3E4-3F9B-4F15-8767-C2CF5735182F}.MinSizeRel|x64.Build.0 = Debug|x64
		{D49DC3E4-3F9B-4F15-8767-C2CF5735182F}.MinSizeRel|x86.ActiveCfg = Release|x64
		{D49DC3E4-3F9B-4F15-8767-C2CF5735182F}.Profile|ARM64.ActiveCfg = Release|x64
		{D49DC3E4-3F9B-4F15-8767-C2CF5735182F}.Profile|x64.ActiveCfg = Debug|x64
		{D49DC3E4-3F9B-4F15-8767-C2CF5735182F}.Profile|x64.Build.0 = Debug|x64
		{D49DC3E4-3F9B-4F15-8767-C2CF5735182F}.Profile|x86.ActiveCfg = Release|x64
		{D49DC3E4-3F9B-4F15-8767-C2CF5735182F}.Release|ARM64.ActiveCfg = Release|x64
		{D49DC3E4-3F9B-4F15-8767-C2CF5735182F}.Release|x64.ActiveCfg = Release|x64
		{D49DC3E4-3F9B-4F15-8767-C2CF5735182F}.Release|x64.Build.0 = Release|x64
		{D49DC3E4-3F9B-4F15-8767-C2CF5735182F}.Release|x86.ActiveCfg = Release|x64
		{D49DC3E4-3F9B-4F15-8767-C2CF5735182F}.RelWithDebInfo|ARM64.ActiveCfg = Release|x64
		{D49DC3E4-3F9B-4F15-8767-C2CF5735182F}.RelWithDebInfo|x64.ActiveCfg = Release|x64
		{D49DC3E4-3F9B-4F15-8767-C2CF5735182F}.RelWithDebInfo|x64.Build.0 = Release|x64
		{D49DC3E4-3F9B-4F15-8767-C2CF5735182F}.RelWithDebInfo|x86.ActiveCfg = Release|x64
		{86A58508-0D6A-4786-A32F-01A301FDC6F3}.Debug|ARM64.ActiveCfg = Debug|x64
		{86A58508-0D6A-4786-A32F-01A301FDC6F3}.Debug|ARM64.Build.0 = Debug|x64
		{86A58508-0D6A-4786-A32F-01A301FDC6F3}.Debug|x64.ActiveCfg = Debug|x64
		{86A58508-0D6A-4786-A32F-01A301FDC6F3}.Debug|x64.Build.0 = Debug|x64
		{86A58508-0D6A-4786-A32F-01A301FDC6F3}.Debug|x86.ActiveCfg = Debug|x64
		{86A58508-0D6A-4786-A32F-01A301FDC6F3}.Debug|x86.Build.0 = Debug|x64
		{86A58508-0D6A-4786-A32F-01A301FDC6F3}.MinSizeRel|ARM64.ActiveCfg = Profile|x64
		{86A58508-0D6A-4786-A32F-01A301FDC6F3}.MinSizeRel|ARM64.Build.0 = Profile|x64
		{86A58508-0D6A-4786-A32F-01A301FDC6F3}.MinSizeRel|x64.ActiveCfg = Profile|x64
		{86A58508-0D6A-4786-A32F-01A301FDC6F3}.MinSizeRel|x64.Build.0 = Profile|x64
		{86A58508-0D6A-4786-A32F-01A301FDC6F3}.MinSizeRel|x86.ActiveCfg = Profile|x64
		{86A58508-0D6A-4786-A32F-01A301FDC6F3}.MinSizeRel|x86.Build.0 = Profile|x64
		{86A58508-0D6A-4786-A32F-01A301FDC6F3}.Profile|ARM64.ActiveCfg = Profile|x64
		{86A58508-0D6A-4786-A32F-01A301FDC6F3}.Profile|ARM64.Build.0 = Profile|x64
		{86A58508-0D6A-4786-A32F-01A301FDC6F3}.Profile|x64.ActiveCfg = Profile|x64
		{86A58508-0D6A-4786-A32F-01A301FDC6F3}.Profile|x64.Build.0 = Profile|x64
		{86A58508-0D6A-4786-A32F-01A301FDC6F3}.Profile|x86.ActiveCfg = Profile|x64
		{86A58508-0D6A-4786-A32F-01A301FDC6F3}.Profile|x86.Build.0 = Profile|x64
		{86A58508-0D6A-4786-A32F-01A301FDC6F3}.Release|ARM64.ActiveCfg = Release|x64
		{86A58508-0D6A-4786-A32F-01A301FDC6F3}.Release|ARM64.Build.0 = Release|x64
		{86A58508-0D6A-4786-A32F-01A301FDC6F3}.Release|x64.ActiveCfg = Release|x64
		{86A58508-0D6A-4786-A32F-01A301FDC6F3}.Release|x64.Build.0 = Release|x64
		{86A58508-0D6A-4786-A32F-01A301FDC6F3}.Release|x86.ActiveCfg = Release|x64
		{86A58508-0D6A-4786-A32F-01A301FDC6F3}.Release|x86.Build.0 = Release|x64
		{86A58508-0D6A-4786-A32F-01A301FDC6F3}.RelWithDebInfo|ARM64.ActiveCfg = Release|x64
		{86A58508-0D6A-4786-A32F-01A301FDC6F3}.RelWithDebInfo|ARM64.Build.0 = Release|x64
		{86A58508-0D6A-4786-A32F-01A301FDC6F3}.RelWithDebInfo|x64.ActiveCfg = Release|x64
		{86A58508-0D6A-4786-A32F-01A301FDC6F3}.RelWithDebInfo|x64.Build.0 = Release|x64
		{86A58508-0D6A-4786-A32F-01A301FDC6F3}.RelWithDebInfo|x86.ActiveCfg = Release|x64
		{86A58508-0D6A-4786-A32F-01A301FDC6F3}.RelWithDebInfo|x86.Build.0 = Release|x64
		{3E0E8608-CD9B-4C76-AF33-29CA38F2C9F0}.Debug|ARM64.ActiveCfg = Debug|ARM64
		{3E0E8608-CD9B-4C76-AF33-29CA38F2C9F0}.Debug|ARM64.Build.0 = Debug|ARM64
		{3E0E8608-CD9B-4C76-AF33-29CA38F2C9F0}.Debug|x64.ActiveCfg = Debug|x64
		{3E0E8608-CD9B-4C76-AF33-29CA38F2C9F0}.Debug|x64.Build.0 = Debug|x64
		{3E0E8608-CD9B-4C76-AF33-29CA38F2C9F0}.Debug|x86.ActiveCfg = Debug|Win32
		{3E0E8608-CD9B-4C76-AF33-29CA38F2C9F0}.Debug|x86.Build.0 = Debug|Win32
		{3E0E8608-CD9B-4C76-AF33-29CA38F2C9F0}.MinSizeRel|ARM64.ActiveCfg = Debug|ARM64
		{3E0E8608-CD9B-4C76-AF33-29CA38F2C9F0}.MinSizeRel|ARM64.Build.0 = Debug|ARM64
		{3E0E8608-CD9B-4C76-AF33-29CA38F2C9F0}.MinSizeRel|x64.ActiveCfg = Debug|x64
		{3E0E8608-CD9B-4C76-AF33-29CA38F2C9F0}.MinSizeRel|x64.Build.0 = Debug|x64
		{3E0E8608-CD9B-4C76-AF33-29CA38F2C9F0}.MinSizeRel|x86.ActiveCfg = Debug|Win32
		{3E0E8608-CD9B-4C76-AF33-29CA38F2C9F0}.MinSizeRel|x86.Build.0 = Debug|Win32
		{3E0E8608-CD9B-4C76-AF33-29CA38F2C9F0}.Profile|ARM64.ActiveCfg = Debug|ARM64
		{3E0E8608-CD9B-4C76-AF33-29CA38F2C9F0}.Profile|ARM64.Build.0 = Debug|ARM64
		{3E0E8608-CD9B-4C76-AF33-29CA38F2C9F0}.Profile|x64.ActiveCfg = Debug|x64
		{3E0E8608-CD9B-4C76-AF33-29CA38F2C9F0}.Profile|x64.Build.0 = Debug|x64
		{3E0E8608-CD9B-4C76-AF33-29CA38F2C9F0}.Profile|x86.ActiveCfg = Debug|Win32
		{3E0E8608-CD9B-4C76-AF33-29CA38F2C9F0}.Profile|x86.Build.0 = Debug|Win32
		{3E0E8608-CD9B-4C76-AF33-29CA38F2C9F0}.Release|ARM64.ActiveCfg = Release|ARM64
		{3E0E8608-CD9B-4C76-AF33-29CA38F2C9F0}.Release|ARM64.Build.0 = Release|ARM64
		{3E0E8608-CD9B-4C76-AF33-29CA38F2C9F0}.Release|x64.ActiveCfg = Release|x64
		{3E0E8608-CD9B-4C76-AF33-29CA38F2C9F0}.Release|x64.Build.0 = Release|x64
		{3E0E8608-CD9B-4C76-AF33-29CA38F2C9F0}.Release|x86.ActiveCfg = Release|Win32
		{3E0E8608-CD9B-4C76-AF33-29CA38F2C9F0}.Release|x86.Build.0 = Release|Win32
		{3E0E8608-CD9B-4C76-AF33-29CA38F2C9F0}.RelWithDebInfo|ARM64.ActiveCfg = Release|ARM64
		{3E0E8608-CD9B-4C76-AF33-29CA38F2C9F0}.RelWithDebInfo|ARM64.Build.0 = Release|ARM64
		{3E0E8608-CD9B-4C76-AF33-29CA38F2C9F0}.RelWithDebInfo|x64.ActiveCfg = Release|x64
		{3E0E8608-CD9B-4C76-AF33-29CA38F2C9F0}.RelWithDebInfo|x64.Build.0 = Release|x64
		{3E0E8608-CD9B-4C76-AF33-29CA38F2C9F0}.RelWithDebInfo|x86.ActiveCfg = Release|Win32
		{3E0E8608-CD9B-4C76-AF33-29CA38F2C9F0}.RelWithDebInfo|x86.Build.0 = Release|Win32
	EndGlobalSection
	GlobalSection(SolutionProperties) = preSolution
		HideSolutionNode = FALSE
	EndGlobalSection
	GlobalSection(NestedProjects) = preSolution
		{369039E2-4C18-40D9-A7FE-E3D87BA23149} = {EB9EA81E-AD7B-4F2F-B8A9-AFC9282303C9}
		{273A5112-7D55-4A16-829A-E4F73E4BACE7} = {EB9EA81E-AD7B-4F2F-B8A9-AFC9282303C9}
	EndGlobalSection
	GlobalSection(ExtensibilityGlobals) = postSolution
		SolutionGuid = {CECC8215-A95C-44A3-94DC-6A6AEE5A841B}
	EndGlobalSection
EndGlobal
